
Microsoft Visual Studio Solution File, Format Version 12.00
# Visual Studio 15
VisualStudioVersion = 15.0.27004.2009
MinimumVisualStudioVersion = 10.0.40219.1
Project("{FAE04EC0-301F-11D3-BF4B-00C04F79EFBC}") = "Webshop", "Webshop\Webshop.csproj", "{747B10EC-F007-44BA-89C4-72417093099F}"
EndProject
Global
	GlobalSection(SolutionConfigurationPlatforms) = preSolution
		Debug|Any CPU = Debug|Any CPU
		Release|Any CPU = Release|Any CPU
	EndGlobalSection
	GlobalSection(ProjectConfigurationPlatforms) = postSolution
		{747B10EC-F007-44BA-89C4-72417093099F}.Debug|Any CPU.ActiveCfg = Debug|Any CPU
		{747B10EC-F007-44BA-89C4-72417093099F}.Debug|Any CPU.Build.0 = Debug|Any CPU
		{747B10EC-F007-44BA-89C4-72417093099F}.Release|Any CPU.ActiveCfg = Release|Any CPU
		{747B10EC-F007-44BA-89C4-72417093099F}.Release|Any CPU.Build.0 = Release|Any CPU
	EndGlobalSection
	GlobalSection(SolutionProperties) = preSolution
		HideSolutionNode = FALSE
	EndGlobalSection
	GlobalSection(ExtensibilityGlobals) = postSolution
		SolutionGuid = {1DB01A0C-1D4F-4093-A34D-5DFC305EE827}
	EndGlobalSection
EndGlobal
